PODS:
  - Flutter (1.0.0)
  - mapp_sdk (0.0.3):
    - Flutter
    - MappSDK (= 6.0.5.1)
    - MappSDKInapp (= 6.0.6.8)
  - MappSDK (6.0.5.1)
  - MappSDKInapp (6.0.6.8)

DEPENDENCIES:
  - Flutter (from `Flutter`)
  - mapp_sdk (from `.symlinks/plugins/mapp_sdk/ios`)

SPEC REPOS:
  trunk:
    - MappSDK
    - MappSDKInapp

EXTERNAL SOURCES:
  Flutter:
    :path: Flutter
  mapp_sdk:
    :path: ".symlinks/plugins/mapp_sdk/ios"

SPEC CHECKSUMS:
  Flutter: 50d75fe2f02b26cc09d224853bb45737f8b3214a
  mapp_sdk: 6e03afc183e5795553be6cd8d7b5fabdd1b8ac60
  MappSDK: ec94b044904abf01c79ea37ddac084a81a8a088e
  MappSDKInapp: b4f1792aed4f3806ddf6701d4fdaaf0850864871

PODFILE CHECKSUM: a5ead389ae8478b2f010fbadad4f103eae9ff09f

COCOAPODS: 1.10.1
