PODS:
  - Flutter (1.0.0)
  - mapp_sdk (0.0.4):
    - Flutter
    - MappSDK (= 6.0.5.1)
    - MappSDKGeotargeting (= 6.0.5)
    - MappSDKInapp (= 6.0.6.8)
  - MappSDK (6.0.5.1)
  - MappSDKGeotargeting (6.0.5):
    - MappSDK (~> 6.0.0)
  - MappSDKInapp (6.0.6.8)

DEPENDENCIES:
  - Flutter (from `Flutter`)
  - mapp_sdk (from `.symlinks/plugins/mapp_sdk/ios`)

SPEC REPOS:
  trunk:
    - MappSDK
    - MappSDKGeotargeting
    - MappSDKInapp

EXTERNAL SOURCES:
  Flutter:
    :path: Flutter
  mapp_sdk:
    :path: ".symlinks/plugins/mapp_sdk/ios"

SPEC CHECKSUMS:
  Flutter: 50d75fe2f02b26cc09d224853bb45737f8b3214a
  mapp_sdk: 2061f245d121cc3856154cc472890c66404ac5e5
  MappSDK: ec94b044904abf01c79ea37ddac084a81a8a088e
  MappSDKGeotargeting: 7c42a2f919cea81357f6d11ec5a6bf727d0c7770
  MappSDKInapp: b4f1792aed4f3806ddf6701d4fdaaf0850864871

PODFILE CHECKSUM: a5ead389ae8478b2f010fbadad4f103eae9ff09f

COCOAPODS: 1.11.3
