PODS:
  - Flutter (1.0.0)
  - mapp_sdk (0.0.1):
    - Flutter
    - MappSDK (= 6.0.5)
    - MappSDKInapp (= 6.0.6.6)
  - MappSDK (6.0.5)
  - MappSDKInapp (6.0.6.6)

DEPENDENCIES:
  - Flutter (from `Flutter`)
  - mapp_sdk (from `.symlinks/plugins/mapp_sdk/ios`)

SPEC REPOS:
  trunk:
    - MappSDK
    - MappSDKInapp

EXTERNAL SOURCES:
  Flutter:
    :path: Flutter
  mapp_sdk:
    :path: ".symlinks/plugins/mapp_sdk/ios"

SPEC CHECKSUMS:
  Flutter: 50d75fe2f02b26cc09d224853bb45737f8b3214a
  mapp_sdk: fb88958b9a8f02b85168af42302ebbca412af8d8
  MappSDK: b7ef4b5cacacf10848a9af52402b06b5a6348499
  MappSDKInapp: 2eb142dc9bd21b00faf935a5bb97d5a73ef9b583

PODFILE CHECKSUM: a5ead389ae8478b2f010fbadad4f103eae9ff09f

COCOAPODS: 1.11.2
